
Microsoft Visual Studio Solution File, Format Version 12.00
# Visual Studio Version 17
VisualStudioVersion = 17.1.32210.238
MinimumVisualStudioVersion = 10.0.40219.1
Project("{FAE04EC0-301F-11D3-BF4B-00C04F79EFBC}") = "BulkyBookWeb", "BulkyBookWeb\BulkyBookWeb.csproj", "{DEE9313E-AE74-4031-9877-E2156B6D2070}"
EndProject
Global
	GlobalSection(SolutionConfigurationPlatforms) = preSolution
		Debug|Any CPU = Debug|Any CPU
		Release|Any CPU = Release|Any CPU
	EndGlobalSection
	GlobalSection(ProjectConfigurationPlatforms) = postSolution
		{DEE9313E-AE74-4031-9877-E2156B6D2070}.Debug|Any CPU.ActiveCfg = Debug|Any CPU
		{DEE9313E-AE74-4031-9877-E2156B6D2070}.Debug|Any CPU.Build.0 = Debug|Any CPU
		{DEE9313E-AE74-4031-9877-E2156B6D2070}.Release|Any CPU.ActiveCfg = Release|Any CPU
		{DEE9313E-AE74-4031-9877-E2156B6D2070}.Release|Any CPU.Build.0 = Release|Any CPU
	EndGlobalSection
	GlobalSection(SolutionProperties) = preSolution
		HideSolutionNode = FALSE
	EndGlobalSection
	GlobalSection(ExtensibilityGlobals) = postSolution
		SolutionGuid = {505FD7E7-59FB-461A-861B-07219F38BCFC}
	EndGlobalSection
EndGlobal
